PODS:
  - ScrollableGraphView (4.0.4)
  - TaniwhaTextField (1.0)

DEPENDENCIES:
  - ScrollableGraphView
  - TaniwhaTextField

SPEC CHECKSUMS:
  ScrollableGraphView: 072ea302f4ca27779692656a49d51fe537b2b1e7
  TaniwhaTextField: ee9ba7582002e9fc71a55ec9c97c45eb8663b05f

PODFILE CHECKSUM: 6ea8f4be1c78439d8b02eb9f7611d0e249204c5a

COCOAPODS: 1.2.1
