PODS:
  - FSLineChart (0.1.7)
  - TaniwhaTextField (1.0)

DEPENDENCIES:
  - FSLineChart
  - TaniwhaTextField

SPEC CHECKSUMS:
  FSLineChart: 1b8d3727e8feb323144126d381184bf1b15e6efc
  TaniwhaTextField: ee9ba7582002e9fc71a55ec9c97c45eb8663b05f

PODFILE CHECKSUM: d7069d8b4a4081abe1f5ca929baef8ae8ecab391

COCOAPODS: 1.2.1
