// !$*UTF8*$!
{
	archiveVersion = 1;
	classes = {
	};
	objectVersion = 46;
	objects = {

/* Begin PBXBuildFile section */
		0522E28A1F0BC61200A155AB /* AppDelegate.swift in Sources */ = {isa = PBXBuildFile; fileRef = 0522E2891F0BC61200A155AB /* AppDelegate.swift */; };
		0522E28F1F0BC61200A155AB /* Main.storyboard in Resources */ = {isa = PBXBuildFile; fileRef = 0522E28D1F0BC61200A155AB /* Main.storyboard */; };
		0522E2921F0BC61200A155AB /* NZAirQuality.xcdatamodeld in Sources */ = {isa = PBXBuildFile; fileRef = 0522E2901F0BC61200A155AB /* NZAirQuality.xcdatamodeld */; };
		0522E2941F0BC61200A155AB /* Assets.xcassets in Resources */ = {isa = PBXBuildFile; fileRef = 0522E2931F0BC61200A155AB /* Assets.xcassets */; };
		0522E2971F0BC61200A155AB /* LaunchScreen.storyboard in Resources */ = {isa = PBXBuildFile; fileRef = 0522E2951F0BC61200A155AB /* LaunchScreen.storyboard */; };
		0522E2A21F0BC61300A155AB /* NZAirQualityTests.swift in Sources */ = {isa = PBXBuildFile; fileRef = 0522E2A11F0BC61300A155AB /* NZAirQualityTests.swift */; };
		052959C01F2B511800A32214 /* WeatherDailyViewCell.swift in Sources */ = {isa = PBXBuildFile; fileRef = 052959BF1F2B511800A32214 /* WeatherDailyViewCell.swift */; };
		052959C21F2B538C00A32214 /* WeatherDailyInfoCollectionViewCell.swift in Sources */ = {isa = PBXBuildFile; fileRef = 052959C11F2B538C00A32214 /* WeatherDailyInfoCollectionViewCell.swift */; };
		052D2EEF1F2990920081A860 /* WeatherHeaderViewCell.swift in Sources */ = {isa = PBXBuildFile; fileRef = 052D2EEE1F2990920081A860 /* WeatherHeaderViewCell.swift */; };
		053FDD581F1F81DD00042AF1 /* AQIContentCollectionViewCell.swift in Sources */ = {isa = PBXBuildFile; fileRef = 053FDD571F1F81DD00042AF1 /* AQIContentCollectionViewCell.swift */; };
		054F1F111F20FDCD0050D140 /* AQIGraphicTableViewCell.swift in Sources */ = {isa = PBXBuildFile; fileRef = 054F1F101F20FDCD0050D140 /* AQIGraphicTableViewCell.swift */; };
		0555F9591F1B2CAC00BCD89D /* YQL.swift in Sources */ = {isa = PBXBuildFile; fileRef = 0555F9581F1B2CAC00BCD89D /* YQL.swift */; };
		0557EDAD1F1C82F200058C70 /* AQIViewController.swift in Sources */ = {isa = PBXBuildFile; fileRef = 0557EDAC1F1C82F200058C70 /* AQIViewController.swift */; };
		05582FCE1F1F0ECC005F2737 /* AQIContentTableViewCell.swift in Sources */ = {isa = PBXBuildFile; fileRef = 05582FCD1F1F0ECC005F2737 /* AQIContentTableViewCell.swift */; };
		055AC2311F20514900AAE55D /* CoreDataManager.swift in Sources */ = {isa = PBXBuildFile; fileRef = 055AC2301F20514900AAE55D /* CoreDataManager.swift */; };
		0572D7551F0BD0130026E4E1 /* AirData.swift in Sources */ = {isa = PBXBuildFile; fileRef = 0572D7541F0BD0130026E4E1 /* AirData.swift */; };
		0572D7571F0BD0210026E4E1 /* AirAPI.swift in Sources */ = {isa = PBXBuildFile; fileRef = 0572D7561F0BD0210026E4E1 /* AirAPI.swift */; };
		05ABA0241F1C86A900090411 /* WeatherViewController.swift in Sources */ = {isa = PBXBuildFile; fileRef = 05ABA0231F1C86A900090411 /* WeatherViewController.swift */; };
		05ABA0261F1C89C800090411 /* AQIHeaderTableViewCell.swift in Sources */ = {isa = PBXBuildFile; fileRef = 05ABA0251F1C89C800090411 /* AQIHeaderTableViewCell.swift */; };
		05BC7A081F2116B800824348 /* LocationServices.swift in Sources */ = {isa = PBXBuildFile; fileRef = 05BC7A071F2116B800824348 /* LocationServices.swift */; };
		05C639621F1C73CD00D0B771 /* Style.swift in Sources */ = {isa = PBXBuildFile; fileRef = 05C639611F1C73CD00D0B771 /* Style.swift */; };
		05C7D7A61FF5090F00E03026 /* WeatherDetailsTableViewCell.swift in Sources */ = {isa = PBXBuildFile; fileRef = 05C7D7A51FF5090F00E03026 /* WeatherDetailsTableViewCell.swift */; };
		05E448661F2AD88D00B70DF7 /* WeatherInfoView.swift in Sources */ = {isa = PBXBuildFile; fileRef = 05E448651F2AD88D00B70DF7 /* WeatherInfoView.swift */; };
		05EA2D2C1F12695000734544 /* Weather.swift in Sources */ = {isa = PBXBuildFile; fileRef = 05EA2D2B1F12695000734544 /* Weather.swift */; };
		05EA2D2E1F1269AF00734544 /* WeatherAPI.swift in Sources */ = {isa = PBXBuildFile; fileRef = 05EA2D2D1F1269AF00734544 /* WeatherAPI.swift */; };
		1262288940B380A191BA804C /* Pods_NZAirQualityTests.framework in Frameworks */ = {isa = PBXBuildFile; fileRef = C82C87E037FC534FE9CC1FF6 /* Pods_NZAirQualityTests.framework */; };
		BA94B7334F1A0B4EABE39E4B /* Pods_NZAirQuality.framework in Frameworks */ = {isa = PBXBuildFile; fileRef = 01830C9123423CF94BF080A6 /* Pods_NZAirQuality.framework */; };
/* End PBXBuildFile section */

/* Begin PBXContainerItemProxy section */
		0522E29E1F0BC61300A155AB /* PBXContainerItemProxy */ = {
			isa = PBXContainerItemProxy;
			containerPortal = 0522E27E1F0BC61200A155AB /* Project object */;
			proxyType = 1;
			remoteGlobalIDString = 0522E2851F0BC61200A155AB;
			remoteInfo = NZAirQuality;
		};
/* End PBXContainerItemProxy section */

/* Begin PBXFileReference section */
		01830C9123423CF94BF080A6 /* Pods_NZAirQuality.framework */ = {isa = PBXFileReference; explicitFileType = wrapper.framework; includeInIndex = 0; path = Pods_NZAirQuality.framework; sourceTree = BUILT_PRODUCTS_DIR; };
		0522E2861F0BC61200A155AB /* NZAirQuality.app */ = {isa = PBXFileReference; explicitFileType = wrapper.application; includeInIndex = 0; path = NZAirQuality.app; sourceTree = BUILT_PRODUCTS_DIR; };
		0522E2891F0BC61200A155AB /* AppDelegate.swift */ = {isa = PBXFileReference; lastKnownFileType = sourcecode.swift; path = AppDelegate.swift; sourceTree = "<group>"; };
		0522E28E1F0BC61200A155AB /* Base */ = {isa = PBXFileReference; lastKnownFileType = file.storyboard; name = Base; path = Base.lproj/Main.storyboard; sourceTree = "<group>"; };
		0522E2911F0BC61200A155AB /* NZAirQuality.xcdatamodel */ = {isa = PBXFileReference; lastKnownFileType = wrapper.xcdatamodel; path = NZAirQuality.xcdatamodel; sourceTree = "<group>"; };
		0522E2931F0BC61200A155AB /* Assets.xcassets */ = {isa = PBXFileReference; lastKnownFileType = folder.assetcatalog; path = Assets.xcassets; sourceTree = "<group>"; };
		0522E2961F0BC61200A155AB /* Base */ = {isa = PBXFileReference; lastKnownFileType = file.storyboard; name = Base; path = Base.lproj/LaunchScreen.storyboard; sourceTree = "<group>"; };
		0522E2981F0BC61200A155AB /* Info.plist */ = {isa = PBXFileReference; lastKnownFileType = text.plist.xml; path = Info.plist; sourceTree = "<group>"; };
		0522E29D1F0BC61300A155AB /* NZAirQualityTests.xctest */ = {isa = PBXFileReference; explicitFileType = wrapper.cfbundle; includeInIndex = 0; path = NZAirQualityTests.xctest; sourceTree = BUILT_PRODUCTS_DIR; };
		0522E2A11F0BC61300A155AB /* NZAirQualityTests.swift */ = {isa = PBXFileReference; lastKnownFileType = sourcecode.swift; path = NZAirQualityTests.swift; sourceTree = "<group>"; };
		0522E2A31F0BC61300A155AB /* Info.plist */ = {isa = PBXFileReference; lastKnownFileType = text.plist.xml; path = Info.plist; sourceTree = "<group>"; };
		052959BF1F2B511800A32214 /* WeatherDailyViewCell.swift */ = {isa = PBXFileReference; lastKnownFileType = sourcecode.swift; path = WeatherDailyViewCell.swift; sourceTree = "<group>"; };
		052959C11F2B538C00A32214 /* WeatherDailyInfoCollectionViewCell.swift */ = {isa = PBXFileReference; lastKnownFileType = sourcecode.swift; path = WeatherDailyInfoCollectionViewCell.swift; sourceTree = "<group>"; };
		052D2EEE1F2990920081A860 /* WeatherHeaderViewCell.swift */ = {isa = PBXFileReference; lastKnownFileType = sourcecode.swift; path = WeatherHeaderViewCell.swift; sourceTree = "<group>"; };
		053FDD571F1F81DD00042AF1 /* AQIContentCollectionViewCell.swift */ = {isa = PBXFileReference; lastKnownFileType = sourcecode.swift; path = AQIContentCollectionViewCell.swift; sourceTree = "<group>"; };
		054F1F101F20FDCD0050D140 /* AQIGraphicTableViewCell.swift */ = {isa = PBXFileReference; lastKnownFileType = sourcecode.swift; path = AQIGraphicTableViewCell.swift; sourceTree = "<group>"; };
		0555F9581F1B2CAC00BCD89D /* YQL.swift */ = {isa = PBXFileReference; lastKnownFileType = sourcecode.swift; path = YQL.swift; sourceTree = "<group>"; xcLanguageSpecificationIdentifier = xcode.lang.swift; };
		0557EDAC1F1C82F200058C70 /* AQIViewController.swift */ = {isa = PBXFileReference; lastKnownFileType = sourcecode.swift; path = AQIViewController.swift; sourceTree = "<group>"; };
		05582FCD1F1F0ECC005F2737 /* AQIContentTableViewCell.swift */ = {isa = PBXFileReference; lastKnownFileType = sourcecode.swift; path = AQIContentTableViewCell.swift; sourceTree = "<group>"; };
		055AC2301F20514900AAE55D /* CoreDataManager.swift */ = {isa = PBXFileReference; lastKnownFileType = sourcecode.swift; path = CoreDataManager.swift; sourceTree = "<group>"; };
		0572D7541F0BD0130026E4E1 /* AirData.swift */ = {isa = PBXFileReference; lastKnownFileType = sourcecode.swift; path = AirData.swift; sourceTree = "<group>"; };
		0572D7561F0BD0210026E4E1 /* AirAPI.swift */ = {isa = PBXFileReference; lastKnownFileType = sourcecode.swift; path = AirAPI.swift; sourceTree = "<group>"; };
		05ABA0231F1C86A900090411 /* WeatherViewController.swift */ = {isa = PBXFileReference; lastKnownFileType = sourcecode.swift; path = WeatherViewController.swift; sourceTree = "<group>"; };
		05ABA0251F1C89C800090411 /* AQIHeaderTableViewCell.swift */ = {isa = PBXFileReference; lastKnownFileType = sourcecode.swift; path = AQIHeaderTableViewCell.swift; sourceTree = "<group>"; };
		05BC7A071F2116B800824348 /* LocationServices.swift */ = {isa = PBXFileReference; lastKnownFileType = sourcecode.swift; path = LocationServices.swift; sourceTree = "<group>"; };
		05C639611F1C73CD00D0B771 /* Style.swift */ = {isa = PBXFileReference; lastKnownFileType = sourcecode.swift; path = Style.swift; sourceTree = "<group>"; };
		05C7D7A51FF5090F00E03026 /* WeatherDetailsTableViewCell.swift */ = {isa = PBXFileReference; lastKnownFileType = sourcecode.swift; path = WeatherDetailsTableViewCell.swift; sourceTree = "<group>"; };
		05E448651F2AD88D00B70DF7 /* WeatherInfoView.swift */ = {isa = PBXFileReference; lastKnownFileType = sourcecode.swift; path = WeatherInfoView.swift; sourceTree = "<group>"; };
		05EA2D2B1F12695000734544 /* Weather.swift */ = {isa = PBXFileReference; lastKnownFileType = sourcecode.swift; path = Weather.swift; sourceTree = "<group>"; };
		05EA2D2D1F1269AF00734544 /* WeatherAPI.swift */ = {isa = PBXFileReference; lastKnownFileType = sourcecode.swift; path = WeatherAPI.swift; sourceTree = "<group>"; };
		0DAA50EA11F35164955D48CE /* Pods-NZAirQuality.debug.xcconfig */ = {isa = PBXFileReference; includeInIndex = 1; lastKnownFileType = text.xcconfig; name = "Pods-NZAirQuality.debug.xcconfig"; path = "Pods/Target Support Files/Pods-NZAirQuality/Pods-NZAirQuality.debug.xcconfig"; sourceTree = "<group>"; };
		88273C58A65C6B09899368EB /* Pods-NZAirQualityTests.debug.xcconfig */ = {isa = PBXFileReference; includeInIndex = 1; lastKnownFileType = text.xcconfig; name = "Pods-NZAirQualityTests.debug.xcconfig"; path = "Pods/Target Support Files/Pods-NZAirQualityTests/Pods-NZAirQualityTests.debug.xcconfig"; sourceTree = "<group>"; };
		8DC0A91D382E1F975572A3D1 /* Pods-NZAirQuality.release.xcconfig */ = {isa = PBXFileReference; includeInIndex = 1; lastKnownFileType = text.xcconfig; name = "Pods-NZAirQuality.release.xcconfig"; path = "Pods/Target Support Files/Pods-NZAirQuality/Pods-NZAirQuality.release.xcconfig"; sourceTree = "<group>"; };
		C82C87E037FC534FE9CC1FF6 /* Pods_NZAirQualityTests.framework */ = {isa = PBXFileReference; explicitFileType = wrapper.framework; includeInIndex = 0; path = Pods_NZAirQualityTests.framework; sourceTree = BUILT_PRODUCTS_DIR; };
		EF88092AE3BD0042B4C24548 /* Pods-NZAirQualityTests.release.xcconfig */ = {isa = PBXFileReference; includeInIndex = 1; lastKnownFileType = text.xcconfig; name = "Pods-NZAirQualityTests.release.xcconfig"; path = "Pods/Target Support Files/Pods-NZAirQualityTests/Pods-NZAirQualityTests.release.xcconfig"; sourceTree = "<group>"; };
/* End PBXFileReference section */

/* Begin PBXFrameworksBuildPhase section */
		0522E2831F0BC61200A155AB /* Frameworks */ = {
			isa = PBXFrameworksBuildPhase;
			buildActionMask = 2147483647;
			files = (
				BA94B7334F1A0B4EABE39E4B /* Pods_NZAirQuality.framework in Frameworks */,
			);
			runOnlyForDeploymentPostprocessing = 0;
		};
		0522E29A1F0BC61300A155AB /* Frameworks */ = {
			isa = PBXFrameworksBuildPhase;
			buildActionMask = 2147483647;
			files = (
				1262288940B380A191BA804C /* Pods_NZAirQualityTests.framework in Frameworks */,
			);
			runOnlyForDeploymentPostprocessing = 0;
		};
/* End PBXFrameworksBuildPhase section */

/* Begin PBXGroup section */
		0522E27D1F0BC61200A155AB = {
			isa = PBXGroup;
			children = (
				0522E2881F0BC61200A155AB /* NZAirQuality */,
				0522E2A01F0BC61300A155AB /* NZAirQualityTests */,
				0522E2871F0BC61200A155AB /* Products */,
				6A6D421DB5C16BA6DB918333 /* Pods */,
				5E1F87C4D997B28B51330BC5 /* Frameworks */,
			);
			sourceTree = "<group>";
		};
		0522E2871F0BC61200A155AB /* Products */ = {
			isa = PBXGroup;
			children = (
				0522E2861F0BC61200A155AB /* NZAirQuality.app */,
				0522E29D1F0BC61300A155AB /* NZAirQualityTests.xctest */,
			);
			name = Products;
			sourceTree = "<group>";
		};
		0522E2881F0BC61200A155AB /* NZAirQuality */ = {
			isa = PBXGroup;
			children = (
				05557B201F0BC85F00579BE7 /* Module */,
				05557B211F0BC85F00579BE7 /* View */,
				05557B1F1F0BC85F00579BE7 /* Controller */,
				0522E2891F0BC61200A155AB /* AppDelegate.swift */,
				0522E28D1F0BC61200A155AB /* Main.storyboard */,
				0522E2931F0BC61200A155AB /* Assets.xcassets */,
				0522E2951F0BC61200A155AB /* LaunchScreen.storyboard */,
				0522E2981F0BC61200A155AB /* Info.plist */,
				0522E2901F0BC61200A155AB /* NZAirQuality.xcdatamodeld */,
			);
			path = NZAirQuality;
			sourceTree = "<group>";
		};
		0522E2A01F0BC61300A155AB /* NZAirQualityTests */ = {
			isa = PBXGroup;
			children = (
				0522E2A11F0BC61300A155AB /* NZAirQualityTests.swift */,
				0522E2A31F0BC61300A155AB /* Info.plist */,
			);
			path = NZAirQualityTests;
			sourceTree = "<group>";
		};
		052D2EEC1F2990560081A860 /* AQI */ = {
			isa = PBXGroup;
			children = (
				05ABA0251F1C89C800090411 /* AQIHeaderTableViewCell.swift */,
				05582FCD1F1F0ECC005F2737 /* AQIContentTableViewCell.swift */,
				053FDD571F1F81DD00042AF1 /* AQIContentCollectionViewCell.swift */,
				054F1F101F20FDCD0050D140 /* AQIGraphicTableViewCell.swift */,
			);
			path = AQI;
			sourceTree = "<group>";
		};
		052D2EED1F29906E0081A860 /* Weather */ = {
			isa = PBXGroup;
			children = (
				052D2EEE1F2990920081A860 /* WeatherHeaderViewCell.swift */,
				05E448651F2AD88D00B70DF7 /* WeatherInfoView.swift */,
				052959BF1F2B511800A32214 /* WeatherDailyViewCell.swift */,
				052959C11F2B538C00A32214 /* WeatherDailyInfoCollectionViewCell.swift */,
				05C7D7A51FF5090F00E03026 /* WeatherDetailsTableViewCell.swift */,
			);
			path = Weather;
			sourceTree = "<group>";
		};
		05557B1F1F0BC85F00579BE7 /* Controller */ = {
			isa = PBXGroup;
			children = (
				0557EDAC1F1C82F200058C70 /* AQIViewController.swift */,
				05ABA0231F1C86A900090411 /* WeatherViewController.swift */,
			);
			path = Controller;
			sourceTree = "<group>";
		};
		05557B201F0BC85F00579BE7 /* Module */ = {
			isa = PBXGroup;
			children = (
				0572D7541F0BD0130026E4E1 /* AirData.swift */,
				0572D7561F0BD0210026E4E1 /* AirAPI.swift */,
				05EA2D2B1F12695000734544 /* Weather.swift */,
				05EA2D2D1F1269AF00734544 /* WeatherAPI.swift */,
				0555F9581F1B2CAC00BCD89D /* YQL.swift */,
				05C639611F1C73CD00D0B771 /* Style.swift */,
				055AC2301F20514900AAE55D /* CoreDataManager.swift */,
				05BC7A071F2116B800824348 /* LocationServices.swift */,
			);
			path = Module;
			sourceTree = "<group>";
		};
		05557B211F0BC85F00579BE7 /* View */ = {
			isa = PBXGroup;
			children = (
				052D2EEC1F2990560081A860 /* AQI */,
				052D2EED1F29906E0081A860 /* Weather */,
			);
			path = View;
			sourceTree = "<group>";
		};
		5E1F87C4D997B28B51330BC5 /* Frameworks */ = {
			isa = PBXGroup;
			children = (
				01830C9123423CF94BF080A6 /* Pods_NZAirQuality.framework */,
				C82C87E037FC534FE9CC1FF6 /* Pods_NZAirQualityTests.framework */,
			);
			name = Frameworks;
			sourceTree = "<group>";
		};
		6A6D421DB5C16BA6DB918333 /* Pods */ = {
			isa = PBXGroup;
			children = (
				0DAA50EA11F35164955D48CE /* Pods-NZAirQuality.debug.xcconfig */,
				8DC0A91D382E1F975572A3D1 /* Pods-NZAirQuality.release.xcconfig */,
				88273C58A65C6B09899368EB /* Pods-NZAirQualityTests.debug.xcconfig */,
				EF88092AE3BD0042B4C24548 /* Pods-NZAirQualityTests.release.xcconfig */,
			);
			name = Pods;
			sourceTree = "<group>";
		};
/* End PBXGroup section */

/* Begin PBXNativeTarget section */
		0522E2851F0BC61200A155AB /* NZAirQuality */ = {
			isa = PBXNativeTarget;
			buildConfigurationList = 0522E2A61F0BC61300A155AB /* Build configuration list for PBXNativeTarget "NZAirQuality" */;
			buildPhases = (
				C811E2CE49676B714BD99248 /* [CP] Check Pods Manifest.lock */,
				0522E2821F0BC61200A155AB /* Sources */,
				0522E2831F0BC61200A155AB /* Frameworks */,
				0522E2841F0BC61200A155AB /* Resources */,
				78B801C0F15E9A80C3A2AAAE /* [CP] Embed Pods Frameworks */,
				C994800A872D344E44E4C393 /* [CP] Copy Pods Resources */,
			);
			buildRules = (
			);
			dependencies = (
			);
			name = NZAirQuality;
			productName = NZAirQuality;
			productReference = 0522E2861F0BC61200A155AB /* NZAirQuality.app */;
			productType = "com.apple.product-type.application";
		};
		0522E29C1F0BC61300A155AB /* NZAirQualityTests */ = {
			isa = PBXNativeTarget;
			buildConfigurationList = 0522E2A91F0BC61300A155AB /* Build configuration list for PBXNativeTarget "NZAirQualityTests" */;
			buildPhases = (
				0A6B1795790179CA0BEAE138 /* [CP] Check Pods Manifest.lock */,
				0522E2991F0BC61300A155AB /* Sources */,
				0522E29A1F0BC61300A155AB /* Frameworks */,
				0522E29B1F0BC61300A155AB /* Resources */,
				B611C46DA605290852481712 /* [CP] Embed Pods Frameworks */,
				AF948148F51F82B44A4F2985 /* [CP] Copy Pods Resources */,
			);
			buildRules = (
			);
			dependencies = (
				0522E29F1F0BC61300A155AB /* PBXTargetDependency */,
			);
			name = NZAirQualityTests;
			productName = NZAirQualityTests;
			productReference = 0522E29D1F0BC61300A155AB /* NZAirQualityTests.xctest */;
			productType = "com.apple.product-type.bundle.unit-test";
		};
/* End PBXNativeTarget section */

/* Begin PBXProject section */
		0522E27E1F0BC61200A155AB /* Project object */ = {
			isa = PBXProject;
			attributes = {
				LastSwiftUpdateCheck = 0830;
				LastUpgradeCheck = 0900;
				ORGANIZATIONNAME = "Liguo Jiao";
				TargetAttributes = {
					0522E2851F0BC61200A155AB = {
						CreatedOnToolsVersion = 8.3.3;
						DevelopmentTeam = V7QHHUD2M5;
						LastSwiftMigration = 0900;
						ProvisioningStyle = Automatic;
					};
					0522E29C1F0BC61300A155AB = {
						CreatedOnToolsVersion = 8.3.3;
						DevelopmentTeam = V7QHHUD2M5;
						LastSwiftMigration = 0900;
						ProvisioningStyle = Automatic;
						TestTargetID = 0522E2851F0BC61200A155AB;
					};
				};
			};
			buildConfigurationList = 0522E2811F0BC61200A155AB /* Build configuration list for PBXProject "NZAirQuality" */;
			compatibilityVersion = "Xcode 3.2";
			developmentRegion = English;
			hasScannedForEncodings = 0;
			knownRegions = (
				en,
				Base,
			);
			mainGroup = 0522E27D1F0BC61200A155AB;
			productRefGroup = 0522E2871F0BC61200A155AB /* Products */;
			projectDirPath = "";
			projectRoot = "";
			targets = (
				0522E2851F0BC61200A155AB /* NZAirQuality */,
				0522E29C1F0BC61300A155AB /* NZAirQualityTests */,
			);
		};
/* End PBXProject section */

/* Begin PBXResourcesBuildPhase section */
		0522E2841F0BC61200A155AB /* Resources */ = {
			isa = PBXResourcesBuildPhase;
			buildActionMask = 2147483647;
			files = (
				0522E2971F0BC61200A155AB /* LaunchScreen.storyboard in Resources */,
				0522E2941F0BC61200A155AB /* Assets.xcassets in Resources */,
				0522E28F1F0BC61200A155AB /* Main.storyboard in Resources */,
			);
			runOnlyForDeploymentPostprocessing = 0;
		};
		0522E29B1F0BC61300A155AB /* Resources */ = {
			isa = PBXResourcesBuildPhase;
			buildActionMask = 2147483647;
			files = (
			);
			runOnlyForDeploymentPostprocessing = 0;
		};
/* End PBXResourcesBuildPhase section */

/* Begin PBXShellScriptBuildPhase section */
		0A6B1795790179CA0BEAE138 /* [CP] Check Pods Manifest.lock */ = {
			isa = PBXShellScriptBuildPhase;
			buildActionMask = 2147483647;
			files = (
			);
			inputPaths = (
			);
			name = "[CP] Check Pods Manifest.lock";
			outputPaths = (
			);
			runOnlyForDeploymentPostprocessing = 0;
			shellPath = /bin/sh;
			shellScript = "diff \"${PODS_PODFILE_DIR_PATH}/Podfile.lock\" \"${PODS_ROOT}/Manifest.lock\" > /dev/null\nif [ $? != 0 ] ; then\n    # print error to STDERR\n    echo \"error: The sandbox is not in sync with the Podfile.lock. Run 'pod install' or update your CocoaPods installation.\" >&2\n    exit 1\nfi\n";
			showEnvVarsInLog = 0;
		};
		78B801C0F15E9A80C3A2AAAE /* [CP] Embed Pods Frameworks */ = {
			isa = PBXShellScriptBuildPhase;
			buildActionMask = 2147483647;
			files = (
			);
			inputPaths = (
			);
			name = "[CP] Embed Pods Frameworks";
			outputPaths = (
			);
			runOnlyForDeploymentPostprocessing = 0;
			shellPath = /bin/sh;
			shellScript = "\"${SRCROOT}/Pods/Target Support Files/Pods-NZAirQuality/Pods-NZAirQuality-frameworks.sh\"\n";
			showEnvVarsInLog = 0;
		};
		AF948148F51F82B44A4F2985 /* [CP] Copy Pods Resources */ = {
			isa = PBXShellScriptBuildPhase;
			buildActionMask = 2147483647;
			files = (
			);
			inputPaths = (
			);
			name = "[CP] Copy Pods Resources";
			outputPaths = (
			);
			runOnlyForDeploymentPostprocessing = 0;
			shellPath = /bin/sh;
			shellScript = "\"${SRCROOT}/Pods/Target Support Files/Pods-NZAirQualityTests/Pods-NZAirQualityTests-resources.sh\"\n";
			showEnvVarsInLog = 0;
		};
		B611C46DA605290852481712 /* [CP] Embed Pods Frameworks */ = {
			isa = PBXShellScriptBuildPhase;
			buildActionMask = 2147483647;
			files = (
			);
			inputPaths = (
			);
			name = "[CP] Embed Pods Frameworks";
			outputPaths = (
			);
			runOnlyForDeploymentPostprocessing = 0;
			shellPath = /bin/sh;
			shellScript = "\"${SRCROOT}/Pods/Target Support Files/Pods-NZAirQualityTests/Pods-NZAirQualityTests-frameworks.sh\"\n";
			showEnvVarsInLog = 0;
		};
		C811E2CE49676B714BD99248 /* [CP] Check Pods Manifest.lock */ = {
			isa = PBXShellScriptBuildPhase;
			buildActionMask = 2147483647;
			files = (
			);
			inputPaths = (
			);
			name = "[CP] Check Pods Manifest.lock";
			outputPaths = (
			);
			runOnlyForDeploymentPostprocessing = 0;
			shellPath = /bin/sh;
			shellScript = "diff \"${PODS_PODFILE_DIR_PATH}/Podfile.lock\" \"${PODS_ROOT}/Manifest.lock\" > /dev/null\nif [ $? != 0 ] ; then\n    # print error to STDERR\n    echo \"error: The sandbox is not in sync with the Podfile.lock. Run 'pod install' or update your CocoaPods installation.\" >&2\n    exit 1\nfi\n";
			showEnvVarsInLog = 0;
		};
		C994800A872D344E44E4C393 /* [CP] Copy Pods Resources */ = {
			isa = PBXShellScriptBuildPhase;
			buildActionMask = 2147483647;
			files = (
			);
			inputPaths = (
			);
			name = "[CP] Copy Pods Resources";
			outputPaths = (
			);
			runOnlyForDeploymentPostprocessing = 0;
			shellPath = /bin/sh;
			shellScript = "\"${SRCROOT}/Pods/Target Support Files/Pods-NZAirQuality/Pods-NZAirQuality-resources.sh\"\n";
			showEnvVarsInLog = 0;
		};
/* End PBXShellScriptBuildPhase section */

/* Begin PBXSourcesBuildPhase section */
		0522E2821F0BC61200A155AB /* Sources */ = {
			isa = PBXSourcesBuildPhase;
			buildActionMask = 2147483647;
			files = (
				0522E2921F0BC61200A155AB /* NZAirQuality.xcdatamodeld in Sources */,
				052959C21F2B538C00A32214 /* WeatherDailyInfoCollectionViewCell.swift in Sources */,
				053FDD581F1F81DD00042AF1 /* AQIContentCollectionViewCell.swift in Sources */,
				05EA2D2E1F1269AF00734544 /* WeatherAPI.swift in Sources */,
				052959C01F2B511800A32214 /* WeatherDailyViewCell.swift in Sources */,
				05C7D7A61FF5090F00E03026 /* WeatherDetailsTableViewCell.swift in Sources */,
				055AC2311F20514900AAE55D /* CoreDataManager.swift in Sources */,
				0555F9591F1B2CAC00BCD89D /* YQL.swift in Sources */,
				05E448661F2AD88D00B70DF7 /* WeatherInfoView.swift in Sources */,
				0572D7551F0BD0130026E4E1 /* AirData.swift in Sources */,
				0522E28A1F0BC61200A155AB /* AppDelegate.swift in Sources */,
				05EA2D2C1F12695000734544 /* Weather.swift in Sources */,
				05C639621F1C73CD00D0B771 /* Style.swift in Sources */,
				052D2EEF1F2990920081A860 /* WeatherHeaderViewCell.swift in Sources */,
				0572D7571F0BD0210026E4E1 /* AirAPI.swift in Sources */,
				0557EDAD1F1C82F200058C70 /* AQIViewController.swift in Sources */,
				054F1F111F20FDCD0050D140 /* AQIGraphicTableViewCell.swift in Sources */,
				05582FCE1F1F0ECC005F2737 /* AQIContentTableViewCell.swift in Sources */,
				05ABA0241F1C86A900090411 /* WeatherViewController.swift in Sources */,
				05BC7A081F2116B800824348 /* LocationServices.swift in Sources */,
				05ABA0261F1C89C800090411 /* AQIHeaderTableViewCell.swift in Sources */,
			);
			runOnlyForDeploymentPostprocessing = 0;
		};
		0522E2991F0BC61300A155AB /* Sources */ = {
			isa = PBXSourcesBuildPhase;
			buildActionMask = 2147483647;
			files = (
				0522E2A21F0BC61300A155AB /* NZAirQualityTests.swift in Sources */,
			);
			runOnlyForDeploymentPostprocessing = 0;
		};
/* End PBXSourcesBuildPhase section */

/* Begin PBXTargetDependency section */
		0522E29F1F0BC61300A155AB /* PBXTargetDependency */ = {
			isa = PBXTargetDependency;
			target = 0522E2851F0BC61200A155AB /* NZAirQuality */;
			targetProxy = 0522E29E1F0BC61300A155AB /* PBXContainerItemProxy */;
		};
/* End PBXTargetDependency section */

/* Begin PBXVariantGroup section */
		0522E28D1F0BC61200A155AB /* Main.storyboard */ = {
			isa = PBXVariantGroup;
			children = (
				0522E28E1F0BC61200A155AB /* Base */,
			);
			name = Main.storyboard;
			sourceTree = "<group>";
		};
		0522E2951F0BC61200A155AB /* LaunchScreen.storyboard */ = {
			isa = PBXVariantGroup;
			children = (
				0522E2961F0BC61200A155AB /* Base */,
			);
			name = LaunchScreen.storyboard;
			sourceTree = "<group>";
		};
/* End PBXVariantGroup section */

/* Begin XCBuildConfiguration section */
		0522E2A41F0BC61300A155AB /* Debug */ = {
			isa = XCBuildConfiguration;
			buildSettings = {
				ALWAYS_SEARCH_USER_PATHS = NO;
				CLANG_ANALYZER_NONNULL = YES;
				CLANG_ANALYZER_NUMBER_OBJECT_CONVERSION = YES_AGGRESSIVE;
				CLANG_CXX_LANGUAGE_STANDARD = "gnu++0x";
				CLANG_CXX_LIBRARY = "libc++";
				CLANG_ENABLE_MODULES = YES;
				CLANG_ENABLE_OBJC_ARC = YES;
				CLANG_WARN_BLOCK_CAPTURE_AUTORELEASING = YES;
				CLANG_WARN_BOOL_CONVERSION = YES;
				CLANG_WARN_COMMA = YES;
				CLANG_WARN_CONSTANT_CONVERSION = YES;
				CLANG_WARN_DIRECT_OBJC_ISA_USAGE = YES_ERROR;
				CLANG_WARN_DOCUMENTATION_COMMENTS = YES;
				CLANG_WARN_EMPTY_BODY = YES;
				CLANG_WARN_ENUM_CONVERSION = YES;
				CLANG_WARN_INFINITE_RECURSION = YES;
				CLANG_WARN_INT_CONVERSION = YES;
				CLANG_WARN_NON_LITERAL_NULL_CONVERSION = YES;
				CLANG_WARN_OBJC_LITERAL_CONVERSION = YES;
				CLANG_WARN_OBJC_ROOT_CLASS = YES_ERROR;
				CLANG_WARN_RANGE_LOOP_ANALYSIS = YES;
				CLANG_WARN_STRICT_PROTOTYPES = YES;
				CLANG_WARN_SUSPICIOUS_MOVE = YES;
				CLANG_WARN_UNREACHABLE_CODE = YES;
				CLANG_WARN__DUPLICATE_METHOD_MATCH = YES;
				"CODE_SIGN_IDENTITY[sdk=iphoneos*]" = "iPhone Developer";
				COPY_PHASE_STRIP = NO;
				DEBUG_INFORMATION_FORMAT = dwarf;
				ENABLE_STRICT_OBJC_MSGSEND = YES;
				ENABLE_TESTABILITY = YES;
				GCC_C_LANGUAGE_STANDARD = gnu99;
				GCC_DYNAMIC_NO_PIC = NO;
				GCC_NO_COMMON_BLOCKS = YES;
				GCC_OPTIMIZATION_LEVEL = 0;
				GCC_PREPROCESSOR_DEFINITIONS = (
					"DEBUG=1",
					"$(inherited)",
				);
				GCC_WARN_64_TO_32_BIT_CONVERSION = YES;
				GCC_WARN_ABOUT_RETURN_TYPE = YES_ERROR;
				GCC_WARN_UNDECLARED_SELECTOR = YES;
				GCC_WARN_UNINITIALIZED_AUTOS = YES_AGGRESSIVE;
				GCC_WARN_UNUSED_FUNCTION = YES;
				GCC_WARN_UNUSED_VARIABLE = YES;
				IPHONEOS_DEPLOYMENT_TARGET = 10.3;
				MTL_ENABLE_DEBUG_INFO = YES;
				ONLY_ACTIVE_ARCH = YES;
				SDKROOT = iphoneos;
				SWIFT_ACTIVE_COMPILATION_CONDITIONS = DEBUG;
				SWIFT_OPTIMIZATION_LEVEL = "-Onone";
			};
			name = Debug;
		};
		0522E2A51F0BC61300A155AB /* Release */ = {
			isa = XCBuildConfiguration;
			buildSettings = {
				ALWAYS_SEARCH_USER_PATHS = NO;
				CLANG_ANALYZER_NONNULL = YES;
				CLANG_ANALYZER_NUMBER_OBJECT_CONVERSION = YES_AGGRESSIVE;
				CLANG_CXX_LANGUAGE_STANDARD = "gnu++0x";
				CLANG_CXX_LIBRARY = "libc++";
				CLANG_ENABLE_MODULES = YES;
				CLANG_ENABLE_OBJC_ARC = YES;
				CLANG_WARN_BLOCK_CAPTURE_AUTORELEASING = YES;
				CLANG_WARN_BOOL_CONVERSION = YES;
				CLANG_WARN_COMMA = YES;
				CLANG_WARN_CONSTANT_CONVERSION = YES;
				CLANG_WARN_DIRECT_OBJC_ISA_USAGE = YES_ERROR;
				CLANG_WARN_DOCUMENTATION_COMMENTS = YES;
				CLANG_WARN_EMPTY_BODY = YES;
				CLANG_WARN_ENUM_CONVERSION = YES;
				CLANG_WARN_INFINITE_RECURSION = YES;
				CLANG_WARN_INT_CONVERSION = YES;
				CLANG_WARN_NON_LITERAL_NULL_CONVERSION = YES;
				CLANG_WARN_OBJC_LITERAL_CONVERSION = YES;
				CLANG_WARN_OBJC_ROOT_CLASS = YES_ERROR;
				CLANG_WARN_RANGE_LOOP_ANALYSIS = YES;
				CLANG_WARN_STRICT_PROTOTYPES = YES;
				CLANG_WARN_SUSPICIOUS_MOVE = YES;
				CLANG_WARN_UNREACHABLE_CODE = YES;
				CLANG_WARN__DUPLICATE_METHOD_MATCH = YES;
				"CODE_SIGN_IDENTITY[sdk=iphoneos*]" = "iPhone Developer";
				COPY_PHASE_STRIP = NO;
				DEBUG_INFORMATION_FORMAT = "dwarf-with-dsym";
				ENABLE_NS_ASSERTIONS = NO;
				ENABLE_STRICT_OBJC_MSGSEND = YES;
				GCC_C_LANGUAGE_STANDARD = gnu99;
				GCC_NO_COMMON_BLOCKS = YES;
				GCC_WARN_64_TO_32_BIT_CONVERSION = YES;
				GCC_WARN_ABOUT_RETURN_TYPE = YES_ERROR;
				GCC_WARN_UNDECLARED_SELECTOR = YES;
				GCC_WARN_UNINITIALIZED_AUTOS = YES_AGGRESSIVE;
				GCC_WARN_UNUSED_FUNCTION = YES;
				GCC_WARN_UNUSED_VARIABLE = YES;
				IPHONEOS_DEPLOYMENT_TARGET = 10.3;
				MTL_ENABLE_DEBUG_INFO = NO;
				SDKROOT = iphoneos;
				SWIFT_OPTIMIZATION_LEVEL = "-Owholemodule";
				VALIDATE_PRODUCT = YES;
			};
			name = Release;
		};
		0522E2A71F0BC61300A155AB /* Debug */ = {
			isa = XCBuildConfiguration;
			baseConfigurationReference = 0DAA50EA11F35164955D48CE /* Pods-NZAirQuality.debug.xcconfig */;
			buildSettings = {
				ASSETCATALOG_COMPILER_APPICON_NAME = AppIcon;
				DEVELOPMENT_TEAM = V7QHHUD2M5;
				INFOPLIST_FILE = NZAirQuality/Info.plist;
				IPHONEOS_DEPLOYMENT_TARGET = 10.0;
				LD_RUNPATH_SEARCH_PATHS = "$(inherited) @executable_path/Frameworks";
				PRODUCT_BUNDLE_IDENTIFIER = "liguo-jiao.NZAirQuality";
				PRODUCT_NAME = "$(TARGET_NAME)";
				SWIFT_SWIFT3_OBJC_INFERENCE = On;
				SWIFT_VERSION = 4.0;
			};
			name = Debug;
		};
		0522E2A81F0BC61300A155AB /* Release */ = {
			isa = XCBuildConfiguration;
			baseConfigurationReference = 8DC0A91D382E1F975572A3D1 /* Pods-NZAirQuality.release.xcconfig */;
			buildSettings = {
				ASSETCATALOG_COMPILER_APPICON_NAME = AppIcon;
				DEVELOPMENT_TEAM = V7QHHUD2M5;
				INFOPLIST_FILE = NZAirQuality/Info.plist;
				IPHONEOS_DEPLOYMENT_TARGET = 10.0;
				LD_RUNPATH_SEARCH_PATHS = "$(inherited) @executable_path/Frameworks";
				PRODUCT_BUNDLE_IDENTIFIER = "liguo-jiao.NZAirQuality";
				PRODUCT_NAME = "$(TARGET_NAME)";
				SWIFT_SWIFT3_OBJC_INFERENCE = On;
				SWIFT_VERSION = 4.0;
			};
			name = Release;
		};
		0522E2AA1F0BC61300A155AB /* Debug */ = {
			isa = XCBuildConfiguration;
			baseConfigurationReference = 88273C58A65C6B09899368EB /* Pods-NZAirQualityTests.debug.xcconfig */;
			buildSettings = {
				ALWAYS_EMBED_SWIFT_STANDARD_LIBRARIES = YES;
				BUNDLE_LOADER = "$(TEST_HOST)";
				DEVELOPMENT_TEAM = V7QHHUD2M5;
				INFOPLIST_FILE = NZAirQualityTests/Info.plist;
				LD_RUNPATH_SEARCH_PATHS = "$(inherited) @executable_path/Frameworks @loader_path/Frameworks";
				PRODUCT_BUNDLE_IDENTIFIER = "liguo-jiao.NZAirQualityTests";
				PRODUCT_NAME = "$(TARGET_NAME)";
				SWIFT_SWIFT3_OBJC_INFERENCE = On;
				SWIFT_VERSION = 4.0;
				TEST_HOST = "$(BUILT_PRODUCTS_DIR)/NZAirQuality.app/NZAirQuality";
			};
			name = Debug;
		};
		0522E2AB1F0BC61300A155AB /* Release */ = {
			isa = XCBuildConfiguration;
			baseConfigurationReference = EF88092AE3BD0042B4C24548 /* Pods-NZAirQualityTests.release.xcconfig */;
			buildSettings = {
				ALWAYS_EMBED_SWIFT_STANDARD_LIBRARIES = YES;
				BUNDLE_LOADER = "$(TEST_HOST)";
				DEVELOPMENT_TEAM = V7QHHUD2M5;
				INFOPLIST_FILE = NZAirQualityTests/Info.plist;
				LD_RUNPATH_SEARCH_PATHS = "$(inherited) @executable_path/Frameworks @loader_path/Frameworks";
				PRODUCT_BUNDLE_IDENTIFIER = "liguo-jiao.NZAirQualityTests";
				PRODUCT_NAME = "$(TARGET_NAME)";
				SWIFT_SWIFT3_OBJC_INFERENCE = On;
				SWIFT_VERSION = 4.0;
				TEST_HOST = "$(BUILT_PRODUCTS_DIR)/NZAirQuality.app/NZAirQuality";
			};
			name = Release;
		};
/* End XCBuildConfiguration section */

/* Begin XCConfigurationList section */
		0522E2811F0BC61200A155AB /* Build configuration list for PBXProject "NZAirQuality" */ = {
			isa = XCConfigurationList;
			buildConfigurations = (
				0522E2A41F0BC61300A155AB /* Debug */,
				0522E2A51F0BC61300A155AB /* Release */,
			);
			defaultConfigurationIsVisible = 0;
			defaultConfigurationName = Release;
		};
		0522E2A61F0BC61300A155AB /* Build configuration list for PBXNativeTarget "NZAirQuality" */ = {
			isa = XCConfigurationList;
			buildConfigurations = (
				0522E2A71F0BC61300A155AB /* Debug */,
				0522E2A81F0BC61300A155AB /* Release */,
			);
			defaultConfigurationIsVisible = 0;
			defaultConfigurationName = Release;
		};
		0522E2A91F0BC61300A155AB /* Build configuration list for PBXNativeTarget "NZAirQualityTests" */ = {
			isa = XCConfigurationList;
			buildConfigurations = (
				0522E2AA1F0BC61300A155AB /* Debug */,
				0522E2AB1F0BC61300A155AB /* Release */,
			);
			defaultConfigurationIsVisible = 0;
			defaultConfigurationName = Release;
		};
/* End XCConfigurationList section */

/* Begin XCVersionGroup section */
		0522E2901F0BC61200A155AB /* NZAirQuality.xcdatamodeld */ = {
			isa = XCVersionGroup;
			children = (
				0522E2911F0BC61200A155AB /* NZAirQuality.xcdatamodel */,
			);
			currentVersion = 0522E2911F0BC61200A155AB /* NZAirQuality.xcdatamodel */;
			path = NZAirQuality.xcdatamodeld;
			sourceTree = "<group>";
			versionGroupType = wrapper.xcdatamodel;
		};
/* End XCVersionGroup section */
	};
	rootObject = 0522E27E1F0BC61200A155AB /* Project object */;
}
